
Microsoft Visual Studio Solution File, Format Version 12.00
# Visual Studio 15
VisualStudioVersion = 15.0.28307.852
MinimumVisualStudioVersion = 10.0.40219.1
Project("{888888A0-9F3D-457C-B088-3A5042F75D52}") = "CHM4.2", "CHM4.2\CHM4.2.pyproj", "{15E00FB5-F122-4DC4-BA3C-52AAB57B11F4}"
EndProject
Global
	GlobalSection(SolutionConfigurationPlatforms) = preSolution
		Debug|Any CPU = Debug|Any CPU
		Release|Any CPU = Release|Any CPU
	EndGlobalSection
	GlobalSection(ProjectConfigurationPlatforms) = postSolution
		{15E00FB5-F122-4DC4-BA3C-52AAB57B11F4}.Debug|Any CPU.ActiveCfg = Debug|Any CPU
		{15E00FB5-F122-4DC4-BA3C-52AAB57B11F4}.Release|Any CPU.ActiveCfg = Release|Any CPU
	EndGlobalSection
	GlobalSection(SolutionProperties) = preSolution
		HideSolutionNode = FALSE
	EndGlobalSection
	GlobalSection(ExtensibilityGlobals) = postSolution
		SolutionGuid = {F24EC899-0F5B-4477-9F98-3968672088B7}
	EndGlobalSection
EndGlobal
