
Microsoft Visual Studio Solution File, Format Version 12.00
# Visual Studio 15
VisualStudioVersion = 15.0.28307.852
MinimumVisualStudioVersion = 10.0.40219.1
Project("{FAE04EC0-301F-11D3-BF4B-00C04F79EFBC}") = "CHM2.2", "CHM2.2\CHM2.2.csproj", "{74F8E9F4-9D7A-40AF-8BAE-BB3F7965BADF}"
EndProject
Global
	GlobalSection(SolutionConfigurationPlatforms) = preSolution
		Debug|Any CPU = Debug|Any CPU
		Release|Any CPU = Release|Any CPU
	EndGlobalSection
	GlobalSection(ProjectConfigurationPlatforms) = postSolution
		{74F8E9F4-9D7A-40AF-8BAE-BB3F7965BADF}.Debug|Any CPU.ActiveCfg = Debug|Any CPU
		{74F8E9F4-9D7A-40AF-8BAE-BB3F7965BADF}.Debug|Any CPU.Build.0 = Debug|Any CPU
		{74F8E9F4-9D7A-40AF-8BAE-BB3F7965BADF}.Release|Any CPU.ActiveCfg = Release|Any CPU
		{74F8E9F4-9D7A-40AF-8BAE-BB3F7965BADF}.Release|Any CPU.Build.0 = Release|Any CPU
	EndGlobalSection
	GlobalSection(SolutionProperties) = preSolution
		HideSolutionNode = FALSE
	EndGlobalSection
	GlobalSection(ExtensibilityGlobals) = postSolution
		SolutionGuid = {C2423ACB-D86C-4F60-A545-A2556E12EB4C}
	EndGlobalSection
EndGlobal
