
Microsoft Visual Studio Solution File, Format Version 12.00
# Visual Studio 15
VisualStudioVersion = 15.0.28307.852
MinimumVisualStudioVersion = 10.0.40219.1
Project("{FAE04EC0-301F-11D3-BF4B-00C04F79EFBC}") = "CHM3.5", "CHM3.5\CHM3.5.csproj", "{E5CB36BC-DE62-43E5-9318-EABFE5A2BB1B}"
EndProject
Global
	GlobalSection(SolutionConfigurationPlatforms) = preSolution
		Debug|Any CPU = Debug|Any CPU
		Release|Any CPU = Release|Any CPU
	EndGlobalSection
	GlobalSection(ProjectConfigurationPlatforms) = postSolution
		{E5CB36BC-DE62-43E5-9318-EABFE5A2BB1B}.Debug|Any CPU.ActiveCfg = Debug|Any CPU
		{E5CB36BC-DE62-43E5-9318-EABFE5A2BB1B}.Debug|Any CPU.Build.0 = Debug|Any CPU
		{E5CB36BC-DE62-43E5-9318-EABFE5A2BB1B}.Release|Any CPU.ActiveCfg = Release|Any CPU
		{E5CB36BC-DE62-43E5-9318-EABFE5A2BB1B}.Release|Any CPU.Build.0 = Release|Any CPU
	EndGlobalSection
	GlobalSection(SolutionProperties) = preSolution
		HideSolutionNode = FALSE
	EndGlobalSection
	GlobalSection(ExtensibilityGlobals) = postSolution
		SolutionGuid = {969829B0-1C10-4621-8E35-5E1E0017ED64}
	EndGlobalSection
EndGlobal
